
Microsoft Visual Studio Solution File, Format Version 12.00
# Visual Studio Version 17
VisualStudioVersion = 17.9.34701.34
MinimumVisualStudioVersion = 10.0.40219.1
Project("{8BC9CEB8-8B4A-11D0-8D11-00A0C91BC942}") = "Lab2Algoritmica_grafelor", "Lab2Algoritmica_grafelor\Lab2Algoritmica_grafelor.vcxproj", "{241EE1CC-B548-412A-A15E-C4A5F586C959}"
EndProject
Global
	GlobalSection(SolutionConfigurationPlatforms) = preSolution
		Debug|x64 = Debug|x64
		Debug|x86 = Debug|x86
		Release|x64 = Release|x64
		Release|x86 = Release|x86
	EndGlobalSection
	GlobalSection(ProjectConfigurationPlatforms) = postSolution
		{241EE1CC-B548-412A-A15E-C4A5F586C959}.Debug|x64.ActiveCfg = Debug|x64
		{241EE1CC-B548-412A-A15E-C4A5F586C959}.Debug|x64.Build.0 = Debug|x64
		{241EE1CC-B548-412A-A15E-C4A5F586C959}.Debug|x86.ActiveCfg = Debug|Win32
		{241EE1CC-B548-412A-A15E-C4A5F586C959}.Debug|x86.Build.0 = Debug|Win32
		{241EE1CC-B548-412A-A15E-C4A5F586C959}.Release|x64.ActiveCfg = Release|x64
		{241EE1CC-B548-412A-A15E-C4A5F586C959}.Release|x64.Build.0 = Release|x64
		{241EE1CC-B548-412A-A15E-C4A5F586C959}.Release|x86.ActiveCfg = Release|Win32
		{241EE1CC-B548-412A-A15E-C4A5F586C959}.Release|x86.Build.0 = Release|Win32
	EndGlobalSection
	GlobalSection(SolutionProperties) = preSolution
		HideSolutionNode = FALSE
	EndGlobalSection
	GlobalSection(ExtensibilityGlobals) = postSolution
		SolutionGuid = {ED53CD47-FB4B-4E74-BDE6-1738D1BC3612}
	EndGlobalSection
EndGlobal
