
Microsoft Visual Studio Solution File, Format Version 12.00
# Visual Studio Version 17
VisualStudioVersion = 17.9.34701.34
MinimumVisualStudioVersion = 10.0.40219.1
Project("{8BC9CEB8-8B4A-11D0-8D11-00A0C91BC942}") = "Lista_ordonata", "Lista_ordonata\Lista_ordonata.vcxproj", "{083B2ADC-F0AD-4935-907F-8174BEFA0D22}"
EndProject
Global
	GlobalSection(SolutionConfigurationPlatforms) = preSolution
		Debug|x64 = Debug|x64
		Debug|x86 = Debug|x86
		Release|x64 = Release|x64
		Release|x86 = Release|x86
	EndGlobalSection
	GlobalSection(ProjectConfigurationPlatforms) = postSolution
		{083B2ADC-F0AD-4935-907F-8174BEFA0D22}.Debug|x64.ActiveCfg = Debug|x64
		{083B2ADC-F0AD-4935-907F-8174BEFA0D22}.Debug|x64.Build.0 = Debug|x64
		{083B2ADC-F0AD-4935-907F-8174BEFA0D22}.Debug|x86.ActiveCfg = Debug|Win32
		{083B2ADC-F0AD-4935-907F-8174BEFA0D22}.Debug|x86.Build.0 = Debug|Win32
		{083B2ADC-F0AD-4935-907F-8174BEFA0D22}.Release|x64.ActiveCfg = Release|x64
		{083B2ADC-F0AD-4935-907F-8174BEFA0D22}.Release|x64.Build.0 = Release|x64
		{083B2ADC-F0AD-4935-907F-8174BEFA0D22}.Release|x86.ActiveCfg = Release|Win32
		{083B2ADC-F0AD-4935-907F-8174BEFA0D22}.Release|x86.Build.0 = Release|Win32
	EndGlobalSection
	GlobalSection(SolutionProperties) = preSolution
		HideSolutionNode = FALSE
	EndGlobalSection
	GlobalSection(ExtensibilityGlobals) = postSolution
		SolutionGuid = {398A1464-18E7-45B4-B1B7-D7669F160D64}
	EndGlobalSection
EndGlobal
